// !$*UTF8*$!
{
	archiveVersion = 1;
	classes = {
	};
	objectVersion = 56;
	objects = {

/* Begin PBXBuildFile section */
		7732EC832C579C2700F891AE /* TestViewController.swift in Sources */ = {isa = PBXBuildFile; fileRef = 7732EC812C579C2700F891AE /* TestViewController.swift */; };
		7732EC842C579C2700F891AE /* TestViewController.xib in Resources */ = {isa = PBXBuildFile; fileRef = 7732EC822C579C2700F891AE /* TestViewController.xib */; };
		7736C79A2D6EF7D8001AEC90 /* CommonUtils.swift in Sources */ = {isa = PBXBuildFile; fileRef = 7736C7992D6EF7D8001AEC90 /* CommonUtils.swift */; };
		779680372C4A170C0018A2D4 /* AppDelegate.swift in Sources */ = {isa = PBXBuildFile; fileRef = 779680362C4A170C0018A2D4 /* AppDelegate.swift */; };
		779680392C4A170C0018A2D4 /* SceneDelegate.swift in Sources */ = {isa = PBXBuildFile; fileRef = 779680382C4A170C0018A2D4 /* SceneDelegate.swift */; };
		7796803B2C4A170C0018A2D4 /* ViewController.swift in Sources */ = {isa = PBXBuildFile; fileRef = 7796803A2C4A170C0018A2D4 /* ViewController.swift */; };
		779680402C4A170D0018A2D4 /* Assets.xcassets in Resources */ = {isa = PBXBuildFile; fileRef = 7796803F2C4A170D0018A2D4 /* Assets.xcassets */; };
		779680432C4A170D0018A2D4 /* LaunchScreen.storyboard in Resources */ = {isa = PBXBuildFile; fileRef = 779680412C4A170D0018A2D4 /* LaunchScreen.storyboard */; };
		7796808A2C4A44FD0018A2D4 /* CustomUISDK.framework in Frameworks */ = {isa = PBXBuildFile; fileRef = 779680892C4A44FD0018A2D4 /* CustomUISDK.framework */; };
		7796808B2C4A44FD0018A2D4 /* CustomUISDK.framework in Embed Frameworks */ = {isa = PBXBuildFile; fileRef = 779680892C4A44FD0018A2D4 /* CustomUISDK.framework */; settings = {ATTRIBUTES = (CodeSignOnCopy, RemoveHeadersOnCopy, ); }; };
		77C370642D65997500F6E704 /* LoadingIndicator.swift in Sources */ = {isa = PBXBuildFile; fileRef = 77C370632D65997500F6E704 /* LoadingIndicator.swift */; };
		77C370672D659A0A00F6E704 /* ViewController+Extension.swift in Sources */ = {isa = PBXBuildFile; fileRef = 77C370662D659A0A00F6E704 /* ViewController+Extension.swift */; };
/* End PBXBuildFile section */

/* Begin PBXContainerItemProxy section */
		77C370BD2D65DDA300F6E704 /* PBXContainerItemProxy */ = {
			isa = PBXContainerItemProxy;
			containerPortal = 77C370B92D65DDA300F6E704 /* CustomUISDK.xcodeproj */;
			proxyType = 2;
			remoteGlobalIDString = 779680542C4A1EEB0018A2D4;
			remoteInfo = CustomUISDK;
		};
/* End PBXContainerItemProxy section */

/* Begin PBXCopyFilesBuildPhase section */
		7796806D2C4A239C0018A2D4 /* Embed Frameworks */ = {
			isa = PBXCopyFilesBuildPhase;
			buildActionMask = 2147483647;
			dstPath = "";
			dstSubfolderSpec = 10;
			files = (
				7796808B2C4A44FD0018A2D4 /* CustomUISDK.framework in Embed Frameworks */,
			);
			name = "Embed Frameworks";
			runOnlyForDeploymentPostprocessing = 0;
		};
		77DAD08A2D5F2A1E00291529 /* Embed Foundation Extensions */ = {
			isa = PBXCopyFilesBuildPhase;
			buildActionMask = 2147483647;
			dstPath = "";
			dstSubfolderSpec = 13;
			files = (
			);
			name = "Embed Foundation Extensions";
			runOnlyForDeploymentPostprocessing = 0;
		};
/* End PBXCopyFilesBuildPhase section */

/* Begin PBXFileReference section */
		7732EC812C579C2700F891AE /* TestViewController.swift */ = {isa = PBXFileReference; lastKnownFileType = sourcecode.swift; path = TestViewController.swift; sourceTree = "<group>"; };
		7732EC822C579C2700F891AE /* TestViewController.xib */ = {isa = PBXFileReference; lastKnownFileType = file.xib; path = TestViewController.xib; sourceTree = "<group>"; };
		7736C78E2D6ECFBC001AEC90 /* Debug.xcconfig */ = {isa = PBXFileReference; lastKnownFileType = text.xcconfig; path = Debug.xcconfig; sourceTree = "<group>"; };
		7736C78F2D6ECFCE001AEC90 /* Release.xcconfig */ = {isa = PBXFileReference; lastKnownFileType = text.xcconfig; path = Release.xcconfig; sourceTree = "<group>"; };
		7736C7902D6ECFE6001AEC90 /* Staging.xcconfig */ = {isa = PBXFileReference; lastKnownFileType = text.xcconfig; path = Staging.xcconfig; sourceTree = "<group>"; };
		7736C7992D6EF7D8001AEC90 /* CommonUtils.swift */ = {isa = PBXFileReference; lastKnownFileType = sourcecode.swift; path = CommonUtils.swift; sourceTree = "<group>"; };
		779680332C4A170C0018A2D4 /* DemoSDK.app */ = {isa = PBXFileReference; explicitFileType = wrapper.application; includeInIndex = 0; path = DemoSDK.app; sourceTree = BUILT_PRODUCTS_DIR; };
		779680362C4A170C0018A2D4 /* AppDelegate.swift */ = {isa = PBXFileReference; lastKnownFileType = sourcecode.swift; path = AppDelegate.swift; sourceTree = "<group>"; };
		779680382C4A170C0018A2D4 /* SceneDelegate.swift */ = {isa = PBXFileReference; lastKnownFileType = sourcecode.swift; path = SceneDelegate.swift; sourceTree = "<group>"; };
		7796803A2C4A170C0018A2D4 /* ViewController.swift */ = {isa = PBXFileReference; lastKnownFileType = sourcecode.swift; path = ViewController.swift; sourceTree = "<group>"; };
		7796803F2C4A170D0018A2D4 /* Assets.xcassets */ = {isa = PBXFileReference; lastKnownFileType = folder.assetcatalog; path = Assets.xcassets; sourceTree = "<group>"; };
		779680422C4A170D0018A2D4 /* Base */ = {isa = PBXFileReference; lastKnownFileType = file.storyboard; name = Base; path = Base.lproj/LaunchScreen.storyboard; sourceTree = "<group>"; };
		779680442C4A170D0018A2D4 /* Info.plist */ = {isa = PBXFileReference; lastKnownFileType = text.plist.xml; path = Info.plist; sourceTree = "<group>"; };
		779680892C4A44FD0018A2D4 /* CustomUISDK.framework */ = {isa = PBXFileReference; explicitFileType = wrapper.framework; path = CustomUISDK.framework; sourceTree = BUILT_PRODUCTS_DIR; };
		77C370632D65997500F6E704 /* LoadingIndicator.swift */ = {isa = PBXFileReference; lastKnownFileType = sourcecode.swift; path = LoadingIndicator.swift; sourceTree = "<group>"; };
		77C370662D659A0A00F6E704 /* ViewController+Extension.swift */ = {isa = PBXFileReference; lastKnownFileType = sourcecode.swift; path = "ViewController+Extension.swift"; sourceTree = "<group>"; };
		77C370B92D65DDA300F6E704 /* CustomUISDK.xcodeproj */ = {isa = PBXFileReference; lastKnownFileType = "wrapper.pb-project"; name = CustomUISDK.xcodeproj; path = CustomUISDK/CustomUISDK.xcodeproj; sourceTree = "<group>"; };
		77DAD0742D5F2A1D00291529 /* WidgetKit.framework */ = {isa = PBXFileReference; lastKnownFileType = wrapper.framework; name = WidgetKit.framework; path = System/Library/Frameworks/WidgetKit.framework; sourceTree = SDKROOT; };
		77DAD0762D5F2A1D00291529 /* SwiftUI.framework */ = {isa = PBXFileReference; lastKnownFileType = wrapper.framework; name = SwiftUI.framework; path = System/Library/Frameworks/SwiftUI.framework; sourceTree = SDKROOT; };
		77DAD0902D5F33E400291529 /* DemoSDK.entitlements */ = {isa = PBXFileReference; lastKnownFileType = text.plist.entitlements; path = DemoSDK.entitlements; sourceTree = "<group>"; };
/* End PBXFileReference section */

/* Begin PBXFrameworksBuildPhase section */
		779680302C4A170C0018A2D4 /* Frameworks */ = {
			isa = PBXFrameworksBuildPhase;
			buildActionMask = 2147483647;
			files = (
				7796808A2C4A44FD0018A2D4 /* CustomUISDK.framework in Frameworks */,
			);
			runOnlyForDeploymentPostprocessing = 0;
		};
/* End PBXFrameworksBuildPhase section */

/* Begin PBXGroup section */
		7736C78B2D6ECFA4001AEC90 /* Config */ = {
			isa = PBXGroup;
			children = (
				7736C78E2D6ECFBC001AEC90 /* Debug.xcconfig */,
				7736C78F2D6ECFCE001AEC90 /* Release.xcconfig */,
				7736C7902D6ECFE6001AEC90 /* Staging.xcconfig */,
			);
			path = Config;
			sourceTree = "<group>";
		};
		7796802A2C4A170C0018A2D4 = {
			isa = PBXGroup;
			children = (
				77C370682D65D7FA00F6E704 /* Dependencies */,
				779680352C4A170C0018A2D4 /* DemoSDK */,
				779680342C4A170C0018A2D4 /* Products */,
				7796806A2C4A239B0018A2D4 /* Frameworks */,
			);
			sourceTree = "<group>";
		};
		779680342C4A170C0018A2D4 /* Products */ = {
			isa = PBXGroup;
			children = (
				779680332C4A170C0018A2D4 /* DemoSDK.app */,
			);
			name = Products;
			sourceTree = "<group>";
		};
		779680352C4A170C0018A2D4 /* DemoSDK */ = {
			isa = PBXGroup;
			children = (
				7736C78B2D6ECFA4001AEC90 /* Config */,
				77C370652D6599E000F6E704 /* Extensions */,
				77C370622D65995700F6E704 /* Ultils */,
				77DAD0902D5F33E400291529 /* DemoSDK.entitlements */,
				779680362C4A170C0018A2D4 /* AppDelegate.swift */,
				779680382C4A170C0018A2D4 /* SceneDelegate.swift */,
				7796803A2C4A170C0018A2D4 /* ViewController.swift */,
				7732EC812C579C2700F891AE /* TestViewController.swift */,
				7732EC822C579C2700F891AE /* TestViewController.xib */,
				7796803F2C4A170D0018A2D4 /* Assets.xcassets */,
				779680412C4A170D0018A2D4 /* LaunchScreen.storyboard */,
				779680442C4A170D0018A2D4 /* Info.plist */,
			);
			path = DemoSDK;
			sourceTree = "<group>";
		};
		7796806A2C4A239B0018A2D4 /* Frameworks */ = {
			isa = PBXGroup;
			children = (
				779680892C4A44FD0018A2D4 /* CustomUISDK.framework */,
				77DAD0742D5F2A1D00291529 /* WidgetKit.framework */,
				77DAD0762D5F2A1D00291529 /* SwiftUI.framework */,
			);
			name = Frameworks;
			sourceTree = "<group>";
		};
		77C370622D65995700F6E704 /* Ultils */ = {
			isa = PBXGroup;
			children = (
				77C370632D65997500F6E704 /* LoadingIndicator.swift */,
				7736C7992D6EF7D8001AEC90 /* CommonUtils.swift */,
			);
			path = Ultils;
			sourceTree = "<group>";
		};
		77C370652D6599E000F6E704 /* Extensions */ = {
			isa = PBXGroup;
			children = (
				77C370662D659A0A00F6E704 /* ViewController+Extension.swift */,
			);
			path = Extensions;
			sourceTree = "<group>";
		};
		77C370682D65D7FA00F6E704 /* Dependencies */ = {
			isa = PBXGroup;
			children = (
				77C370B92D65DDA300F6E704 /* CustomUISDK.xcodeproj */,
			);
			name = Dependencies;
			sourceTree = "<group>";
		};
		77C370BA2D65DDA300F6E704 /* Products */ = {
			isa = PBXGroup;
			children = (
				77C370BE2D65DDA300F6E704 /* CustomUISDK.framework */,
			);
			name = Products;
			sourceTree = "<group>";
		};
/* End PBXGroup section */

/* Begin PBXNativeTarget section */
		779680322C4A170C0018A2D4 /* DemoSDK */ = {
			isa = PBXNativeTarget;
			buildConfigurationList = 779680472C4A170D0018A2D4 /* Build configuration list for PBXNativeTarget "DemoSDK" */;
			buildPhases = (
				7796802F2C4A170C0018A2D4 /* Sources */,
				779680302C4A170C0018A2D4 /* Frameworks */,
				779680312C4A170C0018A2D4 /* Resources */,
				7796806D2C4A239C0018A2D4 /* Embed Frameworks */,
				77DAD08A2D5F2A1E00291529 /* Embed Foundation Extensions */,
			);
			buildRules = (
			);
			dependencies = (
			);
			name = DemoSDK;
			productName = DemoSDK;
			productReference = 779680332C4A170C0018A2D4 /* DemoSDK.app */;
			productType = "com.apple.product-type.application";
		};
/* End PBXNativeTarget section */

/* Begin PBXProject section */
		7796802B2C4A170C0018A2D4 /* Project object */ = {
			isa = PBXProject;
			attributes = {
				BuildIndependentTargetsInParallel = 1;
				LastSwiftUpdateCheck = 1540;
				LastUpgradeCheck = 1520;
				TargetAttributes = {
					779680322C4A170C0018A2D4 = {
						CreatedOnToolsVersion = 15.2;
					};
				};
			};
			buildConfigurationList = 7796802E2C4A170C0018A2D4 /* Build configuration list for PBXProject "DemoSDK" */;
			compatibilityVersion = "Xcode 14.0";
			developmentRegion = en;
			hasScannedForEncodings = 0;
			knownRegions = (
				en,
				Base,
			);
			mainGroup = 7796802A2C4A170C0018A2D4;
			productRefGroup = 779680342C4A170C0018A2D4 /* Products */;
			projectDirPath = "";
			projectReferences = (
				{
					ProductGroup = 77C370BA2D65DDA300F6E704 /* Products */;
					ProjectRef = 77C370B92D65DDA300F6E704 /* CustomUISDK.xcodeproj */;
				},
			);
			projectRoot = "";
			targets = (
				779680322C4A170C0018A2D4 /* DemoSDK */,
			);
		};
/* End PBXProject section */

/* Begin PBXReferenceProxy section */
		77C370BE2D65DDA300F6E704 /* CustomUISDK.framework */ = {
			isa = PBXReferenceProxy;
			fileType = wrapper.framework;
			path = CustomUISDK.framework;
			remoteRef = 77C370BD2D65DDA300F6E704 /* PBXContainerItemProxy */;
			sourceTree = BUILT_PRODUCTS_DIR;
		};
/* End PBXReferenceProxy section */

/* Begin PBXResourcesBuildPhase section */
		779680312C4A170C0018A2D4 /* Resources */ = {
			isa = PBXResourcesBuildPhase;
			buildActionMask = 2147483647;
			files = (
				779680432C4A170D0018A2D4 /* LaunchScreen.storyboard in Resources */,
				7732EC842C579C2700F891AE /* TestViewController.xib in Resources */,
				779680402C4A170D0018A2D4 /* Assets.xcassets in Resources */,
			);
			runOnlyForDeploymentPostprocessing = 0;
		};
/* End PBXResourcesBuildPhase section */

/* Begin PBXSourcesBuildPhase section */
		7796802F2C4A170C0018A2D4 /* Sources */ = {
			isa = PBXSourcesBuildPhase;
			buildActionMask = 2147483647;
			files = (
				7796803B2C4A170C0018A2D4 /* ViewController.swift in Sources */,
				779680372C4A170C0018A2D4 /* AppDelegate.swift in Sources */,
				77C370642D65997500F6E704 /* LoadingIndicator.swift in Sources */,
				7732EC832C579C2700F891AE /* TestViewController.swift in Sources */,
				77C370672D659A0A00F6E704 /* ViewController+Extension.swift in Sources */,
				7736C79A2D6EF7D8001AEC90 /* CommonUtils.swift in Sources */,
				779680392C4A170C0018A2D4 /* SceneDelegate.swift in Sources */,
			);
			runOnlyForDeploymentPostprocessing = 0;
		};
/* End PBXSourcesBuildPhase section */

/* Begin PBXVariantGroup section */
		779680412C4A170D0018A2D4 /* LaunchScreen.storyboard */ = {
			isa = PBXVariantGroup;
			children = (
				779680422C4A170D0018A2D4 /* Base */,
			);
			name = LaunchScreen.storyboard;
			sourceTree = "<group>";
		};
/* End PBXVariantGroup section */

/* Begin XCBuildConfiguration section */
		7736C7912D6ED4D8001AEC90 /* Staging */ = {
			isa = XCBuildConfiguration;
			baseConfigurationReference = 7736C7902D6ECFE6001AEC90 /* Staging.xcconfig */;
			buildSettings = {
				ALWAYS_SEARCH_USER_PATHS = NO;
				ASSETCATALOG_COMPILER_GENERATE_SWIFT_ASSET_SYMBOL_EXTENSIONS = YES;
				CLANG_ANALYZER_NONNULL = YES;
				CLANG_ANALYZER_NUMBER_OBJECT_CONVERSION = YES_AGGRESSIVE;
				CLANG_CXX_LANGUAGE_STANDARD = "gnu++20";
				CLANG_ENABLE_MODULES = YES;
				CLANG_ENABLE_OBJC_ARC = YES;
				CLANG_ENABLE_OBJC_WEAK = YES;
				CLANG_WARN_BLOCK_CAPTURE_AUTORELEASING = YES;
				CLANG_WARN_BOOL_CONVERSION = YES;
				CLANG_WARN_COMMA = YES;
				CLANG_WARN_CONSTANT_CONVERSION = YES;
				CLANG_WARN_DEPRECATED_OBJC_IMPLEMENTATIONS = YES;
				CLANG_WARN_DIRECT_OBJC_ISA_USAGE = YES_ERROR;
				CLANG_WARN_DOCUMENTATION_COMMENTS = YES;
				CLANG_WARN_EMPTY_BODY = YES;
				CLANG_WARN_ENUM_CONVERSION = YES;
				CLANG_WARN_INFINITE_RECURSION = YES;
				CLANG_WARN_INT_CONVERSION = YES;
				CLANG_WARN_NON_LITERAL_NULL_CONVERSION = YES;
				CLANG_WARN_OBJC_IMPLICIT_RETAIN_SELF = YES;
				CLANG_WARN_OBJC_LITERAL_CONVERSION = YES;
				CLANG_WARN_OBJC_ROOT_CLASS = YES_ERROR;
				CLANG_WARN_QUOTED_INCLUDE_IN_FRAMEWORK_HEADER = YES;
				CLANG_WARN_RANGE_LOOP_ANALYSIS = YES;
				CLANG_WARN_STRICT_PROTOTYPES = YES;
				CLANG_WARN_SUSPICIOUS_MOVE = YES;
				CLANG_WARN_UNGUARDED_AVAILABILITY = YES_AGGRESSIVE;
				CLANG_WARN_UNREACHABLE_CODE = YES;
				CLANG_WARN__DUPLICATE_METHOD_MATCH = YES;
				COPY_PHASE_STRIP = NO;
				DEBUG_INFORMATION_FORMAT = dwarf;
				ENABLE_STRICT_OBJC_MSGSEND = YES;
				ENABLE_TESTABILITY = YES;
				ENABLE_USER_SCRIPT_SANDBOXING = YES;
				GCC_C_LANGUAGE_STANDARD = gnu17;
				GCC_DYNAMIC_NO_PIC = NO;
				GCC_NO_COMMON_BLOCKS = YES;
				GCC_OPTIMIZATION_LEVEL = 0;
				GCC_PREPROCESSOR_DEFINITIONS = (
					"DEBUG=1",
					"$(inherited)",
				);
				GCC_WARN_64_TO_32_BIT_CONVERSION = YES;
				GCC_WARN_ABOUT_RETURN_TYPE = YES_ERROR;
				GCC_WARN_UNDECLARED_SELECTOR = YES;
				GCC_WARN_UNINITIALIZED_AUTOS = YES_AGGRESSIVE;
				GCC_WARN_UNUSED_FUNCTION = YES;
				GCC_WARN_UNUSED_VARIABLE = YES;
				IPHONEOS_DEPLOYMENT_TARGET = 13.0;
				LOCALIZATION_PREFERS_STRING_CATALOGS = YES;
				MTL_ENABLE_DEBUG_INFO = INCLUDE_SOURCE;
				MTL_FAST_MATH = YES;
				ONLY_ACTIVE_ARCH = YES;
				SDKROOT = iphoneos;
				SWIFT_ACTIVE_COMPILATION_CONDITIONS = "DEBUG $(inherited)";
				SWIFT_OPTIMIZATION_LEVEL = "-Onone";
			};
			name = Staging;
		};
		7736C7922D6ED4D8001AEC90 /* Staging */ = {
			isa = XCBuildConfiguration;
			baseConfigurationReference = 7736C7902D6ECFE6001AEC90 /* Staging.xcconfig */;
			buildSettings = {
				ASSETCATALOG_COMPILER_APPICON_NAME = AppIcon;
				ASSETCATALOG_COMPILER_GLOBAL_ACCENT_COLOR_NAME = AccentColor;
				CODE_SIGN_ENTITLEMENTS = DemoSDK/DemoSDK.entitlements;
				CODE_SIGN_IDENTITY = "Apple Development";
				CODE_SIGN_STYLE = Manual;
				CURRENT_PROJECT_VERSION = 1;
				DEVELOPMENT_TEAM = "";
				GENERATE_INFOPLIST_FILE = YES;
				INFOPLIST_FILE = DemoSDK/Info.plist;
				INFOPLIST_KEY_CFBundleDisplayName = "$(DEMO_APP_NAME)";
				INFOPLIST_KEY_UIApplicationSupportsIndirectInputEvents = YES;
				INFOPLIST_KEY_UILaunchStoryboardName = LaunchScreen;
				INFOPLIST_KEY_UISupportedInterfaceOrientations_iPad = "UIInterfaceOrientationPortrait UIInterfaceOrientationPortraitUpsideDown UIInterfaceOrientationLandscapeLeft UIInterfaceOrientationLandscapeRight";
				INFOPLIST_KEY_UISupportedInterfaceOrientations_iPhone = "UIInterfaceOrientationPortrait UIInterfaceOrientationLandscapeLeft UIInterfaceOrientationLandscapeRight";
				LD_RUNPATH_SEARCH_PATHS = (
					"$(inherited)",
					"@executable_path/Frameworks",
				);
				MARKETING_VERSION = 1.0;
				PRODUCT_NAME = "$(TARGET_NAME)";
				PROVISIONING_PROFILE_SPECIFIER = "";
				SWIFT_EMIT_LOC_STRINGS = YES;
				SWIFT_VERSION = 5.0;
				TARGETED_DEVICE_FAMILY = "1,2";
			};
			name = Staging;
		};
		779680452C4A170D0018A2D4 /* Debug */ = {
			isa = XCBuildConfiguration;
			baseConfigurationReference = 7736C78E2D6ECFBC001AEC90 /* Debug.xcconfig */;
			buildSettings = {
				ALWAYS_SEARCH_USER_PATHS = NO;
				ASSETCATALOG_COMPILER_GENERATE_SWIFT_ASSET_SYMBOL_EXTENSIONS = YES;
				CLANG_ANALYZER_NONNULL = YES;
				CLANG_ANALYZER_NUMBER_OBJECT_CONVERSION = YES_AGGRESSIVE;
				CLANG_CXX_LANGUAGE_STANDARD = "gnu++20";
				CLANG_ENABLE_MODULES = YES;
				CLANG_ENABLE_OBJC_ARC = YES;
				CLANG_ENABLE_OBJC_WEAK = YES;
				CLANG_WARN_BLOCK_CAPTURE_AUTORELEASING = YES;
				CLANG_WARN_BOOL_CONVERSION = YES;
				CLANG_WARN_COMMA = YES;
				CLANG_WARN_CONSTANT_CONVERSION = YES;
				CLANG_WARN_DEPRECATED_OBJC_IMPLEMENTATIONS = YES;
				CLANG_WARN_DIRECT_OBJC_ISA_USAGE = YES_ERROR;
				CLANG_WARN_DOCUMENTATION_COMMENTS = YES;
				CLANG_WARN_EMPTY_BODY = YES;
				CLANG_WARN_ENUM_CONVERSION = YES;
				CLANG_WARN_INFINITE_RECURSION = YES;
				CLANG_WARN_INT_CONVERSION = YES;
				CLANG_WARN_NON_LITERAL_NULL_CONVERSION = YES;
				CLANG_WARN_OBJC_IMPLICIT_RETAIN_SELF = YES;
				CLANG_WARN_OBJC_LITERAL_CONVERSION = YES;
				CLANG_WARN_OBJC_ROOT_CLASS = YES_ERROR;
				CLANG_WARN_QUOTED_INCLUDE_IN_FRAMEWORK_HEADER = YES;
				CLANG_WARN_RANGE_LOOP_ANALYSIS = YES;
				CLANG_WARN_STRICT_PROTOTYPES = YES;
				CLANG_WARN_SUSPICIOUS_MOVE = YES;
				CLANG_WARN_UNGUARDED_AVAILABILITY = YES_AGGRESSIVE;
				CLANG_WARN_UNREACHABLE_CODE = YES;
				CLANG_WARN__DUPLICATE_METHOD_MATCH = YES;
				COPY_PHASE_STRIP = NO;
				DEBUG_INFORMATION_FORMAT = dwarf;
				ENABLE_STRICT_OBJC_MSGSEND = YES;
				ENABLE_TESTABILITY = YES;
				ENABLE_USER_SCRIPT_SANDBOXING = YES;
				GCC_C_LANGUAGE_STANDARD = gnu17;
				GCC_DYNAMIC_NO_PIC = NO;
				GCC_NO_COMMON_BLOCKS = YES;
				GCC_OPTIMIZATION_LEVEL = 0;
				GCC_PREPROCESSOR_DEFINITIONS = (
					"DEBUG=1",
					"$(inherited)",
				);
				GCC_WARN_64_TO_32_BIT_CONVERSION = YES;
				GCC_WARN_ABOUT_RETURN_TYPE = YES_ERROR;
				GCC_WARN_UNDECLARED_SELECTOR = YES;
				GCC_WARN_UNINITIALIZED_AUTOS = YES_AGGRESSIVE;
				GCC_WARN_UNUSED_FUNCTION = YES;
				GCC_WARN_UNUSED_VARIABLE = YES;
				IPHONEOS_DEPLOYMENT_TARGET = 13.0;
				LOCALIZATION_PREFERS_STRING_CATALOGS = YES;
				MTL_ENABLE_DEBUG_INFO = INCLUDE_SOURCE;
				MTL_FAST_MATH = YES;
				ONLY_ACTIVE_ARCH = YES;
				SDKROOT = iphoneos;
				SWIFT_ACTIVE_COMPILATION_CONDITIONS = "DEBUG $(inherited)";
				SWIFT_OPTIMIZATION_LEVEL = "-Onone";
			};
			name = Debug;
		};
		779680462C4A170D0018A2D4 /* Release */ = {
			isa = XCBuildConfiguration;
			baseConfigurationReference = 7736C78F2D6ECFCE001AEC90 /* Release.xcconfig */;
			buildSettings = {
				ALWAYS_SEARCH_USER_PATHS = NO;
				ASSETCATALOG_COMPILER_GENERATE_SWIFT_ASSET_SYMBOL_EXTENSIONS = YES;
				CLANG_ANALYZER_NONNULL = YES;
				CLANG_ANALYZER_NUMBER_OBJECT_CONVERSION = YES_AGGRESSIVE;
				CLANG_CXX_LANGUAGE_STANDARD = "gnu++20";
				CLANG_ENABLE_MODULES = YES;
				CLANG_ENABLE_OBJC_ARC = YES;
				CLANG_ENABLE_OBJC_WEAK = YES;
				CLANG_WARN_BLOCK_CAPTURE_AUTORELEASING = YES;
				CLANG_WARN_BOOL_CONVERSION = YES;
				CLANG_WARN_COMMA = YES;
				CLANG_WARN_CONSTANT_CONVERSION = YES;
				CLANG_WARN_DEPRECATED_OBJC_IMPLEMENTATIONS = YES;
				CLANG_WARN_DIRECT_OBJC_ISA_USAGE = YES_ERROR;
				CLANG_WARN_DOCUMENTATION_COMMENTS = YES;
				CLANG_WARN_EMPTY_BODY = YES;
				CLANG_WARN_ENUM_CONVERSION = YES;
				CLANG_WARN_INFINITE_RECURSION = YES;
				CLANG_WARN_INT_CONVERSION = YES;
				CLANG_WARN_NON_LITERAL_NULL_CONVERSION = YES;
				CLANG_WARN_OBJC_IMPLICIT_RETAIN_SELF = YES;
				CLANG_WARN_OBJC_LITERAL_CONVERSION = YES;
				CLANG_WARN_OBJC_ROOT_CLASS = YES_ERROR;
				CLANG_WARN_QUOTED_INCLUDE_IN_FRAMEWORK_HEADER = YES;
				CLANG_WARN_RANGE_LOOP_ANALYSIS = YES;
				CLANG_WARN_STRICT_PROTOTYPES = YES;
				CLANG_WARN_SUSPICIOUS_MOVE = YES;
				CLANG_WARN_UNGUARDED_AVAILABILITY = YES_AGGRESSIVE;
				CLANG_WARN_UNREACHABLE_CODE = YES;
				CLANG_WARN__DUPLICATE_METHOD_MATCH = YES;
				COPY_PHASE_STRIP = NO;
				DEBUG_INFORMATION_FORMAT = "dwarf-with-dsym";
				ENABLE_NS_ASSERTIONS = NO;
				ENABLE_STRICT_OBJC_MSGSEND = YES;
				ENABLE_USER_SCRIPT_SANDBOXING = YES;
				GCC_C_LANGUAGE_STANDARD = gnu17;
				GCC_NO_COMMON_BLOCKS = YES;
				GCC_WARN_64_TO_32_BIT_CONVERSION = YES;
				GCC_WARN_ABOUT_RETURN_TYPE = YES_ERROR;
				GCC_WARN_UNDECLARED_SELECTOR = YES;
				GCC_WARN_UNINITIALIZED_AUTOS = YES_AGGRESSIVE;
				GCC_WARN_UNUSED_FUNCTION = YES;
				GCC_WARN_UNUSED_VARIABLE = YES;
				IPHONEOS_DEPLOYMENT_TARGET = 13.0;
				LOCALIZATION_PREFERS_STRING_CATALOGS = YES;
				MTL_ENABLE_DEBUG_INFO = NO;
				MTL_FAST_MATH = YES;
				SDKROOT = iphoneos;
				SWIFT_COMPILATION_MODE = wholemodule;
				VALIDATE_PRODUCT = YES;
			};
			name = Release;
		};
		779680482C4A170D0018A2D4 /* Debug */ = {
			isa = XCBuildConfiguration;
			baseConfigurationReference = 7736C78E2D6ECFBC001AEC90 /* Debug.xcconfig */;
			buildSettings = {
				ASSETCATALOG_COMPILER_APPICON_NAME = AppIcon;
				ASSETCATALOG_COMPILER_GLOBAL_ACCENT_COLOR_NAME = AccentColor;
				CODE_SIGN_ENTITLEMENTS = DemoSDK/DemoSDK.entitlements;
				CODE_SIGN_IDENTITY = "Apple Development";
				CODE_SIGN_STYLE = Manual;
				CURRENT_PROJECT_VERSION = 1;
				DEVELOPMENT_TEAM = "";
				GENERATE_INFOPLIST_FILE = YES;
				INFOPLIST_FILE = DemoSDK/Info.plist;
				INFOPLIST_KEY_CFBundleDisplayName = "$(DEMO_APP_NAME)";
				INFOPLIST_KEY_UIApplicationSupportsIndirectInputEvents = YES;
				INFOPLIST_KEY_UILaunchStoryboardName = LaunchScreen;
				INFOPLIST_KEY_UISupportedInterfaceOrientations_iPad = "UIInterfaceOrientationPortrait UIInterfaceOrientationPortraitUpsideDown UIInterfaceOrientationLandscapeLeft UIInterfaceOrientationLandscapeRight";
				INFOPLIST_KEY_UISupportedInterfaceOrientations_iPhone = "UIInterfaceOrientationPortrait UIInterfaceOrientationLandscapeLeft UIInterfaceOrientationLandscapeRight";
				LD_RUNPATH_SEARCH_PATHS = (
					"$(inherited)",
					"@executable_path/Frameworks",
				);
				MARKETING_VERSION = 1.0;
				PRODUCT_NAME = "$(TARGET_NAME)";
				PROVISIONING_PROFILE_SPECIFIER = "";
				SWIFT_EMIT_LOC_STRINGS = YES;
				SWIFT_VERSION = 5.0;
				TARGETED_DEVICE_FAMILY = "1,2";
			};
			name = Debug;
		};
		779680492C4A170D0018A2D4 /* Release */ = {
			isa = XCBuildConfiguration;
			baseConfigurationReference = 7736C78F2D6ECFCE001AEC90 /* Release.xcconfig */;
			buildSettings = {
				ASSETCATALOG_COMPILER_APPICON_NAME = AppIcon;
				ASSETCATALOG_COMPILER_GLOBAL_ACCENT_COLOR_NAME = AccentColor;
				CODE_SIGN_ENTITLEMENTS = DemoSDK/DemoSDK.entitlements;
				CODE_SIGN_IDENTITY = "Apple Development";
				CODE_SIGN_STYLE = Manual;
				CURRENT_PROJECT_VERSION = 1;
				DEVELOPMENT_TEAM = "";
				GENERATE_INFOPLIST_FILE = YES;
				INFOPLIST_FILE = DemoSDK/Info.plist;
				INFOPLIST_KEY_CFBundleDisplayName = "$(DEMO_APP_NAME)";
				INFOPLIST_KEY_UIApplicationSupportsIndirectInputEvents = YES;
				INFOPLIST_KEY_UILaunchStoryboardName = LaunchScreen;
				INFOPLIST_KEY_UISupportedInterfaceOrientations_iPad = "UIInterfaceOrientationPortrait UIInterfaceOrientationPortraitUpsideDown UIInterfaceOrientationLandscapeLeft UIInterfaceOrientationLandscapeRight";
				INFOPLIST_KEY_UISupportedInterfaceOrientations_iPhone = "UIInterfaceOrientationPortrait UIInterfaceOrientationLandscapeLeft UIInterfaceOrientationLandscapeRight";
				LD_RUNPATH_SEARCH_PATHS = (
					"$(inherited)",
					"@executable_path/Frameworks",
				);
				MARKETING_VERSION = 1.0;
				PRODUCT_NAME = "$(TARGET_NAME)";
				PROVISIONING_PROFILE_SPECIFIER = "";
				SWIFT_EMIT_LOC_STRINGS = YES;
				SWIFT_VERSION = 5.0;
				TARGETED_DEVICE_FAMILY = "1,2";
			};
			name = Release;
		};
/* End XCBuildConfiguration section */

/* Begin XCConfigurationList section */
		7796802E2C4A170C0018A2D4 /* Build configuration list for PBXProject "DemoSDK" */ = {
			isa = XCConfigurationList;
			buildConfigurations = (
				779680452C4A170D0018A2D4 /* Debug */,
				7736C7912D6ED4D8001AEC90 /* Staging */,
				779680462C4A170D0018A2D4 /* Release */,
			);
			defaultConfigurationIsVisible = 0;
			defaultConfigurationName = Release;
		};
		779680472C4A170D0018A2D4 /* Build configuration list for PBXNativeTarget "DemoSDK" */ = {
			isa = XCConfigurationList;
			buildConfigurations = (
				779680482C4A170D0018A2D4 /* Debug */,
				7736C7922D6ED4D8001AEC90 /* Staging */,
				779680492C4A170D0018A2D4 /* Release */,
			);
			defaultConfigurationIsVisible = 0;
			defaultConfigurationName = Release;
		};
/* End XCConfigurationList section */
	};
	rootObject = 7796802B2C4A170C0018A2D4 /* Project object */;
}
